
Microsoft Visual Studio Solution File, Format Version 12.00
Project("{2150E333-8FDC-42A3-9474-1A3956D46DE8}") = "ServiceC", "ServiceC", "{EF9613CB-8895-4EB6-BE4A-7A476EFB5CE2}"
EndProject
Project("{2150E333-8FDC-42A3-9474-1A3956D46DE8}") = "ServiceC.Core", "ServiceC.Core", "{16A19E7C-53D3-4B63-B02E-A66991AB10F3}"
EndProject
Project("{2150E333-8FDC-42A3-9474-1A3956D46DE8}") = "ServiceC.Infrastructure", "ServiceC.Infrastructure", "{20799096-D1BC-4551-9223-C88D773906C4}"
EndProject
Project("{2150E333-8FDC-42A3-9474-1A3956D46DE8}") = "ServiceC.Presentation", "ServiceC.Presentation", "{253C4305-BCFC-446C-8C33-87B3942AE89F}"
EndProject
Project("{2150E333-8FDC-42A3-9474-1A3956D46DE8}") = "ServiceC.Shared", "ServiceC.Shared", "{03D1ADE0-0F8B-4317-9430-47617164EC63}"
EndProject
Project("{FAE04EC0-301F-11D3-BF4B-00C04F79EFBC}") = "ServiceC.Core.Application", "ServiceC.Core.Application\ServiceC.Core.Application.csproj", "{3D865DE9-9FAC-40F6-A987-6933301D8EAD}"
EndProject
Project("{FAE04EC0-301F-11D3-BF4B-00C04F79EFBC}") = "ServiceC.Core.Domain", "ServiceC.Core.Domain\ServiceC.Core.Domain.csproj", "{C530B5CC-2ED7-407B-A586-584FA2F185F4}"
EndProject
Project("{FAE04EC0-301F-11D3-BF4B-00C04F79EFBC}") = "ServiceC.Infrastructure.Services", "ServiceC.Infrastructure.Services\ServiceC.Infrastructure.Services.csproj", "{D88709AC-E54D-4EB3-ADBB-107EBEE3C2DC}"
EndProject
Project("{FAE04EC0-301F-11D3-BF4B-00C04F79EFBC}") = "ServiceC.Infrastructure.Persistence", "ServiceC.Infrastructure.Persistence\ServiceC.Infrastructure.Persistence.csproj", "{CFB07C23-30E5-424B-A3A9-FF46AF871E2C}"
EndProject
Project("{FAE04EC0-301F-11D3-BF4B-00C04F79EFBC}") = "ServiceC.Presentation.Web", "ServiceC.Presentation.Web\ServiceC.Presentation.Web.csproj", "{F33951BE-39E4-41D7-A263-53A5E25616F6}"
EndProject
Project("{FAE04EC0-301F-11D3-BF4B-00C04F79EFBC}") = "ServiceC.Shared.Contracts", "ServiceC.Shared.Contracts\ServiceC.Shared.Contracts.csproj", "{2A27C102-C1DE-4A32-ADF7-8657B155077B}"
EndProject
Global
	GlobalSection(SolutionConfigurationPlatforms) = preSolution
		Debug|Any CPU = Debug|Any CPU
		Release|Any CPU = Release|Any CPU
	EndGlobalSection
	GlobalSection(NestedProjects) = preSolution
		{16A19E7C-53D3-4B63-B02E-A66991AB10F3} = {EF9613CB-8895-4EB6-BE4A-7A476EFB5CE2}
		{20799096-D1BC-4551-9223-C88D773906C4} = {EF9613CB-8895-4EB6-BE4A-7A476EFB5CE2}
		{253C4305-BCFC-446C-8C33-87B3942AE89F} = {EF9613CB-8895-4EB6-BE4A-7A476EFB5CE2}
		{03D1ADE0-0F8B-4317-9430-47617164EC63} = {EF9613CB-8895-4EB6-BE4A-7A476EFB5CE2}
		{3D865DE9-9FAC-40F6-A987-6933301D8EAD} = {16A19E7C-53D3-4B63-B02E-A66991AB10F3}
		{C530B5CC-2ED7-407B-A586-584FA2F185F4} = {16A19E7C-53D3-4B63-B02E-A66991AB10F3}
		{D88709AC-E54D-4EB3-ADBB-107EBEE3C2DC} = {20799096-D1BC-4551-9223-C88D773906C4}
		{CFB07C23-30E5-424B-A3A9-FF46AF871E2C} = {20799096-D1BC-4551-9223-C88D773906C4}
		{F33951BE-39E4-41D7-A263-53A5E25616F6} = {253C4305-BCFC-446C-8C33-87B3942AE89F}
		{2A27C102-C1DE-4A32-ADF7-8657B155077B} = {03D1ADE0-0F8B-4317-9430-47617164EC63}
	EndGlobalSection
	GlobalSection(ProjectConfigurationPlatforms) = postSolution
		{3D865DE9-9FAC-40F6-A987-6933301D8EAD}.Debug|Any CPU.ActiveCfg = Debug|Any CPU
		{3D865DE9-9FAC-40F6-A987-6933301D8EAD}.Debug|Any CPU.Build.0 = Debug|Any CPU
		{3D865DE9-9FAC-40F6-A987-6933301D8EAD}.Release|Any CPU.ActiveCfg = Release|Any CPU
		{3D865DE9-9FAC-40F6-A987-6933301D8EAD}.Release|Any CPU.Build.0 = Release|Any CPU
		{C530B5CC-2ED7-407B-A586-584FA2F185F4}.Debug|Any CPU.ActiveCfg = Debug|Any CPU
		{C530B5CC-2ED7-407B-A586-584FA2F185F4}.Debug|Any CPU.Build.0 = Debug|Any CPU
		{C530B5CC-2ED7-407B-A586-584FA2F185F4}.Release|Any CPU.ActiveCfg = Release|Any CPU
		{C530B5CC-2ED7-407B-A586-584FA2F185F4}.Release|Any CPU.Build.0 = Release|Any CPU
		{D88709AC-E54D-4EB3-ADBB-107EBEE3C2DC}.Debug|Any CPU.ActiveCfg = Debug|Any CPU
		{D88709AC-E54D-4EB3-ADBB-107EBEE3C2DC}.Debug|Any CPU.Build.0 = Debug|Any CPU
		{D88709AC-E54D-4EB3-ADBB-107EBEE3C2DC}.Release|Any CPU.ActiveCfg = Release|Any CPU
		{D88709AC-E54D-4EB3-ADBB-107EBEE3C2DC}.Release|Any CPU.Build.0 = Release|Any CPU
		{CFB07C23-30E5-424B-A3A9-FF46AF871E2C}.Debug|Any CPU.ActiveCfg = Debug|Any CPU
		{CFB07C23-30E5-424B-A3A9-FF46AF871E2C}.Debug|Any CPU.Build.0 = Debug|Any CPU
		{CFB07C23-30E5-424B-A3A9-FF46AF871E2C}.Release|Any CPU.ActiveCfg = Release|Any CPU
		{CFB07C23-30E5-424B-A3A9-FF46AF871E2C}.Release|Any CPU.Build.0 = Release|Any CPU
		{F33951BE-39E4-41D7-A263-53A5E25616F6}.Debug|Any CPU.ActiveCfg = Debug|Any CPU
		{F33951BE-39E4-41D7-A263-53A5E25616F6}.Debug|Any CPU.Build.0 = Debug|Any CPU
		{F33951BE-39E4-41D7-A263-53A5E25616F6}.Release|Any CPU.ActiveCfg = Release|Any CPU
		{F33951BE-39E4-41D7-A263-53A5E25616F6}.Release|Any CPU.Build.0 = Release|Any CPU
		{2A27C102-C1DE-4A32-ADF7-8657B155077B}.Debug|Any CPU.ActiveCfg = Debug|Any CPU
		{2A27C102-C1DE-4A32-ADF7-8657B155077B}.Debug|Any CPU.Build.0 = Debug|Any CPU
		{2A27C102-C1DE-4A32-ADF7-8657B155077B}.Release|Any CPU.ActiveCfg = Release|Any CPU
		{2A27C102-C1DE-4A32-ADF7-8657B155077B}.Release|Any CPU.Build.0 = Release|Any CPU
	EndGlobalSection
EndGlobal
